Microsoft Visual Studio Solution File, Format Version 12.00
# Visual Studio Version 17
VisualStudioVersion = 17.5.2.0
MinimumVisualStudioVersion = 10.0.40219.1
Project("{FAE04EC0-301F-11D3-BF4B-00C04F79EFBC}") = "CVGenerator", "CVGenerator.csproj", "{6A6C9C4D-54AB-7938-C811-C695B83A3BCC}"
EndProject
Global
	GlobalSection(SolutionConfigurationPlatforms) = preSolution
		Debug|Any CPU = Debug|Any CPU
		Release|Any CPU = Release|Any CPU
	EndGlobalSection
	GlobalSection(ProjectConfigurationPlatforms) = postSolution
		{6A6C9C4D-54AB-7938-C811-C695B83A3BCC}.Debug|Any CPU.ActiveCfg = Debug|Any CPU
		{6A6C9C4D-54AB-7938-C811-C695B83A3BCC}.Debug|Any CPU.Build.0 = Debug|Any CPU
		{6A6C9C4D-54AB-7938-C811-C695B83A3BCC}.Release|Any CPU.ActiveCfg = Release|Any CPU
		{6A6C9C4D-54AB-7938-C811-C695B83A3BCC}.Release|Any CPU.Build.0 = Release|Any CPU
	EndGlobalSection
	GlobalSection(SolutionProperties) = preSolution
		HideSolutionNode = FALSE
	EndGlobalSection
	GlobalSection(ExtensibilityGlobals) = postSolution
		SolutionGuid = {FD94E300-21BB-4C50-9DB1-42316631E655}
	EndGlobalSection
EndGlobal
